dependencies:
- name: cloudnative-pg
  repository: https://cloudnative-pg.github.io/charts
  version: 0.22.0
- name: traefik
  repository: https://helm.traefik.io/traefik
  version: 33.0.0
digest: sha256:ebea70ce6415d75e44d76f934081b08b1737c4695546f9435a947570f10f0c57
generated: "2026-04-08T12:49:46.828714587Z"
